
Microsoft Visual Studio Solution File, Format Version 12.00
# Visual Studio Version 17
VisualStudioVersion = 17.5.002.0
MinimumVisualStudioVersion = 10.0.40219.1
Project("{9A19103F-16F7-4668-BE54-9A1E7A4F7556}") = "api", "api\api.csproj", "{50AE640C-648E-4182-91FF-4305530D66FF}"
EndProject
Global
	GlobalSection(SolutionConfigurationPlatforms) = preSolution
		Debug|Any CPU = Debug|Any CPU
		Release|Any CPU = Release|Any CPU
	EndGlobalSection
	GlobalSection(ProjectConfigurationPlatforms) = postSolution
		{50AE640C-648E-4182-91FF-4305530D66FF}.Debug|Any CPU.ActiveCfg = Debug|Any CPU
		{50AE640C-648E-4182-91FF-4305530D66FF}.Debug|Any CPU.Build.0 = Debug|Any CPU
		{50AE640C-648E-4182-91FF-4305530D66FF}.Release|Any CPU.ActiveCfg = Release|Any CPU
		{50AE640C-648E-4182-91FF-4305530D66FF}.Release|Any CPU.Build.0 = Release|Any CPU
	EndGlobalSection
	GlobalSection(SolutionProperties) = preSolution
		HideSolutionNode = FALSE
	EndGlobalSection
	GlobalSection(ExtensibilityGlobals) = postSolution
		SolutionGuid = {F81F8F63-7220-47AB-9831-B4D6608BD7E9}
	EndGlobalSection
EndGlobal
